{
  "name": "emacs",
  "lockfileVersion": 3,
  "requires": true,
  "packages": {
    "": {
      "dependencies": {
        "oh-my-openagent-linux-x64": "^4.1.0"
      }
    },
    "node_modules/oh-my-openagent-linux-x64": {
      "version": "4.1.0",
      "resolved": "https://registry.npmmirror.com/oh-my-openagent-linux-x64/-/oh-my-openagent-linux-x64-4.1.0.tgz",
      "integrity": "sha512-pTVxo+eK5pjqA5fEhlkGq+TftDJDNax5myKfDj7t2bW00ErtDW+svXtwlWfzhr+zMOLpsCOxwnuSD7/zgjkipg==",
      "cpu": [
        "x64"
      ],
      "os": [
        "linux"
      ],
      "bin": {
        "oh-my-openagent": "bin/oh-my-opencode"
      }
    }
  }
}
